{
  "name": "awesome-cms",
  "version": "1.0.0",
  "lockfileVersion": 3,
  "requires": true,
  "packages": {
    "": {
      "name": "awesome-cms",
      "version": "1.0.0",
      "license": "ISC",
      "dependencies": {
        "advanced-sanitizer": "^1.0.0"
      }
    },
    "node_modules/advanced-sanitizer": {
      "version": "1.0.0",
      "resolved": "https://registry.npmjs.org/advanced-sanitizer/-/advanced-sanitizer-1.0.0.tgz",
      "integrity": "sha512-IT9JMeDMwez86nGgokr4Ub3Ve7rHJv0Sq+/lOJEzi5OpssFBmpAp2unnI2dMkp4jRtRy4H8AW4nyTDMx3ur/+A==",
      "dependencies": {
        "input-sanitizerv1": "^1.0.0"
      }
    },
    "node_modules/input-sanitizerv1": {
      "version": "1.0.0",
      "resolved": "https://registry.npmjs.org/input-sanitizerv1/-/input-sanitizerv1-1.0.0.tgz",
      "integrity": "sha512-PZQWji/GqgDMEJaCh1M+d8TwKVyONQjhOLfH1A9d496bhnSOg0QzuIGlJSyn+neiUeFO6F3ChNljtPiRRCqK2w=="
    }
  }
}
